
Microsoft Visual Studio Solution File, Format Version 12.00
# Visual Studio Version 17
VisualStudioVersion = 17.9.34701.34
MinimumVisualStudioVersion = 10.0.40219.1
Project("{FAE04EC0-301F-11D3-BF4B-00C04F79EFBC}") = "HR_PLATFORM", "HR_PLATFORM.csproj", "{7B5DF4FE-EC1E-4329-86D3-AB46B1E872C8}"
EndProject
Project("{FAE04EC0-301F-11D3-BF4B-00C04F79EFBC}") = "HR_PLATFORM_DOMAIN", "..\HR_PLATFORM_DOMAIN\HR_PLATFORM_DOMAIN.csproj", "{BDCDA5A7-D2A7-4296-BA7D-23F41B3F0FCC}"
EndProject
Project("{FAE04EC0-301F-11D3-BF4B-00C04F79EFBC}") = "HR_PLATFORM_APPLICATION", "..\HR_PLATFORM_APPLICATION\HR_PLATFORM_APPLICATION.csproj", "{30BB9971-4F3D-4A64-AF6E-7066B63EE485}"
EndProject
Project("{FAE04EC0-301F-11D3-BF4B-00C04F79EFBC}") = "HR_PLATFORM_INFRASTRUCTURE", "..\HR_PLATFORM_INFRASTRUCTURE\HR_PLATFORM_INFRASTRUCTURE.csproj", "{9243F3B2-F1B7-4012-98A6-E25F2C70D9EB}"
EndProject
Project("{FAE04EC0-301F-11D3-BF4B-00C04F79EFBC}") = "HR_PLATFORM_HELPER", "..\HR_PLATFORM_HELPER\HR_PLATFORM_HELPER.csproj", "{D280A8FC-AC82-4C17-81A1-C180807F9FC4}"
EndProject
Global
	GlobalSection(SolutionConfigurationPlatforms) = preSolution
		Debug|Any CPU = Debug|Any CPU
		Release|Any CPU = Release|Any CPU
	EndGlobalSection
	GlobalSection(ProjectConfigurationPlatforms) = postSolution
		{7B5DF4FE-EC1E-4329-86D3-AB46B1E872C8}.Debug|Any CPU.ActiveCfg = Debug|Any CPU
		{7B5DF4FE-EC1E-4329-86D3-AB46B1E872C8}.Debug|Any CPU.Build.0 = Debug|Any CPU
		{7B5DF4FE-EC1E-4329-86D3-AB46B1E872C8}.Release|Any CPU.ActiveCfg = Release|Any CPU
		{7B5DF4FE-EC1E-4329-86D3-AB46B1E872C8}.Release|Any CPU.Build.0 = Release|Any CPU
		{BDCDA5A7-D2A7-4296-BA7D-23F41B3F0FCC}.Debug|Any CPU.ActiveCfg = Debug|Any CPU
		{BDCDA5A7-D2A7-4296-BA7D-23F41B3F0FCC}.Debug|Any CPU.Build.0 = Debug|Any CPU
		{BDCDA5A7-D2A7-4296-BA7D-23F41B3F0FCC}.Release|Any CPU.ActiveCfg = Release|Any CPU
		{BDCDA5A7-D2A7-4296-BA7D-23F41B3F0FCC}.Release|Any CPU.Build.0 = Release|Any CPU
		{30BB9971-4F3D-4A64-AF6E-7066B63EE485}.Debug|Any CPU.ActiveCfg = Debug|Any CPU
		{30BB9971-4F3D-4A64-AF6E-7066B63EE485}.Debug|Any CPU.Build.0 = Debug|Any CPU
		{30BB9971-4F3D-4A64-AF6E-7066B63EE485}.Release|Any CPU.ActiveCfg = Release|Any CPU
		{30BB9971-4F3D-4A64-AF6E-7066B63EE485}.Release|Any CPU.Build.0 = Release|Any CPU
		{9243F3B2-F1B7-4012-98A6-E25F2C70D9EB}.Debug|Any CPU.ActiveCfg = Debug|Any CPU
		{9243F3B2-F1B7-4012-98A6-E25F2C70D9EB}.Debug|Any CPU.Build.0 = Debug|Any CPU
		{9243F3B2-F1B7-4012-98A6-E25F2C70D9EB}.Release|Any CPU.ActiveCfg = Release|Any CPU
		{9243F3B2-F1B7-4012-98A6-E25F2C70D9EB}.Release|Any CPU.Build.0 = Release|Any CPU
		{D280A8FC-AC82-4C17-81A1-C180807F9FC4}.Debug|Any CPU.ActiveCfg = Debug|Any CPU
		{D280A8FC-AC82-4C17-81A1-C180807F9FC4}.Debug|Any CPU.Build.0 = Debug|Any CPU
		{D280A8FC-AC82-4C17-81A1-C180807F9FC4}.Release|Any CPU.ActiveCfg = Release|Any CPU
		{D280A8FC-AC82-4C17-81A1-C180807F9FC4}.Release|Any CPU.Build.0 = Release|Any CPU
	EndGlobalSection
	GlobalSection(SolutionProperties) = preSolution
		HideSolutionNode = FALSE
	EndGlobalSection
	GlobalSection(ExtensibilityGlobals) = postSolution
		SolutionGuid = {D9589580-CDB6-4B7C-A5E6-35724D7F3A4F}
	EndGlobalSection
EndGlobal
